
Microsoft Visual Studio Solution File, Format Version 12.00
# Visual Studio Version 17
VisualStudioVersion = 17.0.31903.59
MinimumVisualStudioVersion = 10.0.40219.1
Project("{FAE04EC0-301F-11D3-BF4B-00C04F79EFBC}") = "WebApplication2", "WebApplication2\WebApplication2.csproj", "{7D18EFD0-A80A-42E4-9B6D-4A14CB5A530E}"
EndProject
Project("{FAE04EC0-301F-11D3-BF4B-00C04F79EFBC}") = "middleware", "middleware\middleware.csproj", "{17E89C84-1626-4FE1-9565-39ED590D3A7A}"
EndProject
Global
	GlobalSection(SolutionConfigurationPlatforms) = preSolution
		Debug|Any CPU = Debug|Any CPU
		Debug|x64 = Debug|x64
		Debug|x86 = Debug|x86
		Release|Any CPU = Release|Any CPU
		Release|x64 = Release|x64
		Release|x86 = Release|x86
	EndGlobalSection
	GlobalSection(ProjectConfigurationPlatforms) = postSolution
		{7D18EFD0-A80A-42E4-9B6D-4A14CB5A530E}.Debug|Any CPU.ActiveCfg = Debug|Any CPU
		{7D18EFD0-A80A-42E4-9B6D-4A14CB5A530E}.Debug|Any CPU.Build.0 = Debug|Any CPU
		{7D18EFD0-A80A-42E4-9B6D-4A14CB5A530E}.Debug|x64.ActiveCfg = Debug|Any CPU
		{7D18EFD0-A80A-42E4-9B6D-4A14CB5A530E}.Debug|x64.Build.0 = Debug|Any CPU
		{7D18EFD0-A80A-42E4-9B6D-4A14CB5A530E}.Debug|x86.ActiveCfg = Debug|Any CPU
		{7D18EFD0-A80A-42E4-9B6D-4A14CB5A530E}.Debug|x86.Build.0 = Debug|Any CPU
		{7D18EFD0-A80A-42E4-9B6D-4A14CB5A530E}.Release|Any CPU.ActiveCfg = Release|Any CPU
		{7D18EFD0-A80A-42E4-9B6D-4A14CB5A530E}.Release|Any CPU.Build.0 = Release|Any CPU
		{7D18EFD0-A80A-42E4-9B6D-4A14CB5A530E}.Release|x64.ActiveCfg = Release|Any CPU
		{7D18EFD0-A80A-42E4-9B6D-4A14CB5A530E}.Release|x64.Build.0 = Release|Any CPU
		{7D18EFD0-A80A-42E4-9B6D-4A14CB5A530E}.Release|x86.ActiveCfg = Release|Any CPU
		{7D18EFD0-A80A-42E4-9B6D-4A14CB5A530E}.Release|x86.Build.0 = Release|Any CPU
		{17E89C84-1626-4FE1-9565-39ED590D3A7A}.Debug|Any CPU.ActiveCfg = Debug|Any CPU
		{17E89C84-1626-4FE1-9565-39ED590D3A7A}.Debug|Any CPU.Build.0 = Debug|Any CPU
		{17E89C84-1626-4FE1-9565-39ED590D3A7A}.Debug|x64.ActiveCfg = Debug|Any CPU
		{17E89C84-1626-4FE1-9565-39ED590D3A7A}.Debug|x64.Build.0 = Debug|Any CPU
		{17E89C84-1626-4FE1-9565-39ED590D3A7A}.Debug|x86.ActiveCfg = Debug|Any CPU
		{17E89C84-1626-4FE1-9565-39ED590D3A7A}.Debug|x86.Build.0 = Debug|Any CPU
		{17E89C84-1626-4FE1-9565-39ED590D3A7A}.Release|Any CPU.ActiveCfg = Release|Any CPU
		{17E89C84-1626-4FE1-9565-39ED590D3A7A}.Release|Any CPU.Build.0 = Release|Any CPU
		{17E89C84-1626-4FE1-9565-39ED590D3A7A}.Release|x64.ActiveCfg = Release|Any CPU
		{17E89C84-1626-4FE1-9565-39ED590D3A7A}.Release|x64.Build.0 = Release|Any CPU
		{17E89C84-1626-4FE1-9565-39ED590D3A7A}.Release|x86.ActiveCfg = Release|Any CPU
		{17E89C84-1626-4FE1-9565-39ED590D3A7A}.Release|x86.Build.0 = Release|Any CPU
	EndGlobalSection
	GlobalSection(SolutionProperties) = preSolution
		HideSolutionNode = FALSE
	EndGlobalSection
EndGlobal
